{
  "version": 4,
  "terraform_version": "1.14.7",
  "serial": 1,
  "lineage": "8da27175-b594-f331-5ad0-9656254a1b5f",
  "outputs": {},
  "resources": [
    {
      "module": "module.ecr",
      "mode": "managed",
      "type": "aws_ecr_repository",
      "name": "this",
      "provider": "provider[\"registry.terraform.io/hashicorp/aws\"]",
      "instances": [
        {
          "schema_version": 0,
          "attributes": {
            "arn": "arn:aws:ecr:ap-south-1:100911360591:repository/demo-app-dev",
            "encryption_configuration": [
              {
                "encryption_type": "AES256",
                "kms_key": ""
              }
            ],
            "force_delete": null,
            "id": "demo-app-dev",
            "image_scanning_configuration": [
              {
                "scan_on_push": true
              }
            ],
            "image_tag_mutability": "MUTABLE",
            "image_tag_mutability_exclusion_filter": [],
            "name": "demo-app-dev",
            "region": "ap-south-1",
            "registry_id": "100911360591",
            "repository_url": "100911360591.dkr.ecr.ap-south-1.amazonaws.com/demo-app-dev",
            "tags": {
              "Environment": "dev",
              "Project": "demo-app"
            },
            "tags_all": {
              "Environment": "dev",
              "Project": "demo-app"
            },
            "timeouts": null
          },
          "sensitive_attributes": [],
          "identity_schema_version": 0,
          "identity": {
            "account_id": "100911360591",
            "name": "demo-app-dev",
            "region": "ap-south-1"
          },
          "private": "eyJlMmJmYjczMC1lY2FhLTExZTYtOGY4OC0zNDM2M2JjN2M0YzAiOnsiZGVsZXRlIjoxMjAwMDAwMDAwMDAwfX0="
        }
      ]
    }
  ],
  "check_results": null
}
